
Microsoft Visual Studio Solution File, Format Version 12.00
# Visual Studio 15
VisualStudioVersion = 15.0.27703.2035
MinimumVisualStudioVersion = 10.0.40219.1
Project("{FAE04EC0-301F-11D3-BF4B-00C04F79EFBC}") = "SchoolManagement", "SchoolManagement\SchoolManagement.csproj", "{D71C66E7-1E94-48C1-BB0C-00035D5F7947}"
EndProject
Global
	GlobalSection(SolutionConfigurationPlatforms) = preSolution
		Debug|Any CPU = Debug|Any CPU
		Release|Any CPU = Release|Any CPU
	EndGlobalSection
	GlobalSection(ProjectConfigurationPlatforms) = postSolution
		{D71C66E7-1E94-48C1-BB0C-00035D5F7947}.Debug|Any CPU.ActiveCfg = Debug|Any CPU
		{D71C66E7-1E94-48C1-BB0C-00035D5F7947}.Debug|Any CPU.Build.0 = Debug|Any CPU
		{D71C66E7-1E94-48C1-BB0C-00035D5F7947}.Release|Any CPU.ActiveCfg = Release|Any CPU
		{D71C66E7-1E94-48C1-BB0C-00035D5F7947}.Release|Any CPU.Build.0 = Release|Any CPU
	EndGlobalSection
	GlobalSection(SolutionProperties) = preSolution
		HideSolutionNode = FALSE
	EndGlobalSection
	GlobalSection(ExtensibilityGlobals) = postSolution
		SolutionGuid = {B683C02B-73C4-4FD3-8B92-0A0796D39773}
	EndGlobalSection
EndGlobal
